
Microsoft Visual Studio Solution File, Format Version 12.00
# Visual Studio 15
VisualStudioVersion = 15.0.26228.9
MinimumVisualStudioVersion = 10.0.40219.1
Project("{2150E333-8FDC-42A3-9474-1A3956D46DE8}") = "Solution Items", "Solution Items", "{B45746D5-1DC5-4E0F-A0E2-BB6B5232EB9D}"
	ProjectSection(SolutionItems) = preProject
		Build.md = Build.md
		ReadMe.md = ReadMe.md
		release.sh = release.sh
	EndProjectSection
EndProject
Project("{9A19103F-16F7-4668-BE54-9A1E7A4F7556}") = "SocialTalents.Hp.Events", "SocialTalents.Hp.Events\SocialTalents.Hp.Events.csproj", "{9B8EDDD6-EAFE-4C56-BCCE-BA97EDCC8CD3}"
EndProject
Project("{9A19103F-16F7-4668-BE54-9A1E7A4F7556}") = "SocialTalents.Hp.MongoDb", "SocialTalents.Hp.MongoDb\SocialTalents.Hp.MongoDb.csproj", "{22958F8B-D839-4550-8D8B-9BC5190A610D}"
EndProject
Project("{FAE04EC0-301F-11D3-BF4B-00C04F79EFBC}") = "SocialTalents.Hp.UnitTests", "SocialTalents.Hp.UnitTests\SocialTalents.Hp.UnitTests.csproj", "{7DAA8209-5BBE-4549-828D-00F58E33E265}"
EndProject
Project("{FAE04EC0-301F-11D3-BF4B-00C04F79EFBC}") = "Samples.Console", "Samples.Console\Samples.Console.csproj", "{4C9DD5E1-99FF-4E43-A695-932D2290384F}"
EndProject
Global
	GlobalSection(SolutionConfigurationPlatforms) = preSolution
		Debug|Any CPU = Debug|Any CPU
		Release|Any CPU = Release|Any CPU
	EndGlobalSection
	GlobalSection(ProjectConfigurationPlatforms) = postSolution
		{9B8EDDD6-EAFE-4C56-BCCE-BA97EDCC8CD3}.Debug|Any CPU.ActiveCfg = Debug|Any CPU
		{9B8EDDD6-EAFE-4C56-BCCE-BA97EDCC8CD3}.Debug|Any CPU.Build.0 = Debug|Any CPU
		{9B8EDDD6-EAFE-4C56-BCCE-BA97EDCC8CD3}.Release|Any CPU.ActiveCfg = Release|Any CPU
		{9B8EDDD6-EAFE-4C56-BCCE-BA97EDCC8CD3}.Release|Any CPU.Build.0 = Release|Any CPU
		{22958F8B-D839-4550-8D8B-9BC5190A610D}.Debug|Any CPU.ActiveCfg = Debug|Any CPU
		{22958F8B-D839-4550-8D8B-9BC5190A610D}.Debug|Any CPU.Build.0 = Debug|Any CPU
		{22958F8B-D839-4550-8D8B-9BC5190A610D}.Release|Any CPU.ActiveCfg = Release|Any CPU
		{22958F8B-D839-4550-8D8B-9BC5190A610D}.Release|Any CPU.Build.0 = Release|Any CPU
		{7DAA8209-5BBE-4549-828D-00F58E33E265}.Debug|Any CPU.ActiveCfg = Debug|Any CPU
		{7DAA8209-5BBE-4549-828D-00F58E33E265}.Debug|Any CPU.Build.0 = Debug|Any CPU
		{7DAA8209-5BBE-4549-828D-00F58E33E265}.Release|Any CPU.ActiveCfg = Release|Any CPU
		{7DAA8209-5BBE-4549-828D-00F58E33E265}.Release|Any CPU.Build.0 = Release|Any CPU
		{4C9DD5E1-99FF-4E43-A695-932D2290384F}.Debug|Any CPU.ActiveCfg = Debug|Any CPU
		{4C9DD5E1-99FF-4E43-A695-932D2290384F}.Debug|Any CPU.Build.0 = Debug|Any CPU
		{4C9DD5E1-99FF-4E43-A695-932D2290384F}.Release|Any CPU.ActiveCfg = Release|Any CPU
		{4C9DD5E1-99FF-4E43-A695-932D2290384F}.Release|Any CPU.Build.0 = Release|Any CPU
	EndGlobalSection
	GlobalSection(SolutionProperties) = preSolution
		HideSolutionNode = FALSE
	EndGlobalSection
EndGlobal
